// !$*UTF8*$!
{
	archiveVersion = 1;
	classes = {
	};
	objectVersion = 77;
	objects = {

/* Begin PBXBuildFile section */
		7108D40E2CE5CDAA00F6585A /* receiverHomeView1.swift in Sources */ = {isa = PBXBuildFile; fileRef = 7108D40D2CE5CDA400F6585A /* receiverHomeView1.swift */; };
		7108D4102CE5D2B200F6585A /* headerView.swift in Sources */ = {isa = PBXBuildFile; fileRef = 7108D40F2CE5D2AC00F6585A /* headerView.swift */; };
		71212B692CE47B6E00812C48 /* giverHomeView.swift in Sources */ = {isa = PBXBuildFile; fileRef = 71212B682CE47B6900812C48 /* giverHomeView.swift */; };
		713B76F02CE42A36000B0990 /* menuView.swift in Sources */ = {isa = PBXBuildFile; fileRef = 713B76EF2CE42A30000B0990 /* menuView.swift */; };
		71AE90242CE5412900D96908 /* apiService.swift in Sources */ = {isa = PBXBuildFile; fileRef = 71AE90232CE5412500D96908 /* apiService.swift */; };
		71D256372CE5A02800D563A2 /* settingsView.swift in Sources */ = {isa = PBXBuildFile; fileRef = 71D256362CE5A02800D563A2 /* settingsView.swift */; };
		71D256382CE5A02800D563A2 /* receiverHomeView2.swift in Sources */ = {isa = PBXBuildFile; fileRef = 71D256342CE5A02800D563A2 /* receiverHomeView2.swift */; };
		71D256392CE5A02800D563A2 /* giverConfirmation.swift in Sources */ = {isa = PBXBuildFile; fileRef = 71D256352CE5A02800D563A2 /* giverConfirmation.swift */; };
		71D256562CE5A14A00D563A2 /* diningHallData.swift in Sources */ = {isa = PBXBuildFile; fileRef = 71D256552CE5A14600D563A2 /* diningHallData.swift */; };
		B40646532CFEB5F100093BD6 /* receiverToGiver.swift in Sources */ = {isa = PBXBuildFile; fileRef = B40646522CFEB5F100093BD6 /* receiverToGiver.swift */; };
		B430F4FA2CE86890002A0EE6 /* ChatListView.swift in Sources */ = {isa = PBXBuildFile; fileRef = B430F4F92CE86890002A0EE6 /* ChatListView.swift */; };
		B430F4FC2CE86F81002A0EE6 /* ChatDetailView.swift in Sources */ = {isa = PBXBuildFile; fileRef = B430F4FB2CE86F81002A0EE6 /* ChatDetailView.swift */; };
		B443C8542CE12377006F9891 /* loadingScreen.swift in Sources */ = {isa = PBXBuildFile; fileRef = B443C8532CE12377006F9891 /* loadingScreen.swift */; };
		B443C8582CE1278A006F9891 /* startUpView.swift in Sources */ = {isa = PBXBuildFile; fileRef = B443C8572CE1278A006F9891 /* startUpView.swift */; };
		B443C86D2CE13FDC006F9891 /* FirebaseAuth in Frameworks */ = {isa = PBXBuildFile; productRef = B443C86C2CE13FDC006F9891 /* FirebaseAuth */; };
		B443C86F2CE13FDC006F9891 /* FirebaseCore in Frameworks */ = {isa = PBXBuildFile; productRef = B443C86E2CE13FDC006F9891 /* FirebaseCore */; };
		B443C8712CE13FDC006F9891 /* FirebaseDatabase in Frameworks */ = {isa = PBXBuildFile; productRef = B443C8702CE13FDC006F9891 /* FirebaseDatabase */; };
		B44AFAE12CE9B09700D61523 /* FirebaseFirestore in Frameworks */ = {isa = PBXBuildFile; productRef = B44AFAE02CE9B09700D61523 /* FirebaseFirestore */; };
		B44AFAE32CE9B09700D61523 /* FirebaseStorage in Frameworks */ = {isa = PBXBuildFile; productRef = B44AFAE22CE9B09700D61523 /* FirebaseStorage */; };
		B4AA7ECC2CE98FD40070A239 /* UserProfile.swift in Sources */ = {isa = PBXBuildFile; fileRef = B4AA7ECB2CE98FD40070A239 /* UserProfile.swift */; };
		B4C47D762CE1B09500FB450F /* loginView.swift in Sources */ = {isa = PBXBuildFile; fileRef = B4C47D752CE1B09500FB450F /* loginView.swift */; };
		B4C9F69F2CE578E100DBA782 /* locationManager.swift in Sources */ = {isa = PBXBuildFile; fileRef = B4C9F69E2CE578E100DBA782 /* locationManager.swift */; };
		B4C9F6A72CE5994C00DBA782 /* FirebaseAppCheck in Frameworks */ = {isa = PBXBuildFile; productRef = B4C9F6A62CE5994C00DBA782 /* FirebaseAppCheck */; };
		B4C9F6A92CE5994C00DBA782 /* FirebaseAppDistribution-Beta in Frameworks */ = {isa = PBXBuildFile; productRef = B4C9F6A82CE5994C00DBA782 /* FirebaseAppDistribution-Beta */; };
		B4C9F6AB2CE5994C00DBA782 /* FirebaseAuthCombine-Community in Frameworks */ = {isa = PBXBuildFile; productRef = B4C9F6AA2CE5994C00DBA782 /* FirebaseAuthCombine-Community */; };
		B4C9F6B12CE5994C00DBA782 /* FirebaseFirestore in Frameworks */ = {isa = PBXBuildFile; productRef = B4C9F6B02CE5994C00DBA782 /* FirebaseFirestore */; };
		B4C9F6B32CE5994C00DBA782 /* FirebaseFirestoreCombine-Community in Frameworks */ = {isa = PBXBuildFile; productRef = B4C9F6B22CE5994C00DBA782 /* FirebaseFirestoreCombine-Community */; };
		B4C9F6BB2CE5994C00DBA782 /* FirebaseInstallations in Frameworks */ = {isa = PBXBuildFile; productRef = B4C9F6BA2CE5994C00DBA782 /* FirebaseInstallations */; };
		B4C9F6C32CE5994C00DBA782 /* FirebaseRemoteConfig in Frameworks */ = {isa = PBXBuildFile; productRef = B4C9F6C22CE5994C00DBA782 /* FirebaseRemoteConfig */; };
		B4C9F6C52CE5994C00DBA782 /* FirebaseStorage in Frameworks */ = {isa = PBXBuildFile; productRef = B4C9F6C42CE5994C00DBA782 /* FirebaseStorage */; };
		B4C9F6C72CE5994C00DBA782 /* FirebaseStorageCombine-Community in Frameworks */ = {isa = PBXBuildFile; productRef = B4C9F6C62CE5994C00DBA782 /* FirebaseStorageCombine-Community */; };
		C8504F622CE30A680047A294 /* finalizeAccount2.swift in Sources */ = {isa = PBXBuildFile; fileRef = C8504F612CE30A5F0047A294 /* finalizeAccount2.swift */; };
		C88A3C3F2CE25BF8000B4051 /* createAccountView.swift in Sources */ = {isa = PBXBuildFile; fileRef = C88A3C3E2CE25BF0000B4051 /* createAccountView.swift */; };
		C88A3CE52CE27900000B4051 /* createAccountView2.swift in Sources */ = {isa = PBXBuildFile; fileRef = C88A3CE42CE278EE000B4051 /* createAccountView2.swift */; };
		C88A3D1E2CE29A70000B4051 /* createAccountView3.swift in Sources */ = {isa = PBXBuildFile; fileRef = C88A3D1D2CE29A66000B4051 /* createAccountView3.swift */; };
		C88A3D212CE2ADF9000B4051 /* finalizeAccount1.swift in Sources */ = {isa = PBXBuildFile; fileRef = C88A3D202CE2ADEE000B4051 /* finalizeAccount1.swift */; };
/* End PBXBuildFile section */

/* Begin PBXContainerItemProxy section */
		B443C8242CE11D8F006F9891 /* PBXContainerItemProxy */ = {
			isa = PBXContainerItemProxy;
			containerPortal = B443C80B2CE11D8D006F9891 /* Project object */;
			proxyType = 1;
			remoteGlobalIDString = B443C8122CE11D8D006F9891;
			remoteInfo = SwipeShare;
		};
		B443C82E2CE11D8F006F9891 /* PBXContainerItemProxy */ = {
			isa = PBXContainerItemProxy;
			containerPortal = B443C80B2CE11D8D006F9891 /* Project object */;
			proxyType = 1;
			remoteGlobalIDString = B443C8122CE11D8D006F9891;
			remoteInfo = SwipeShare;
		};
/* End PBXContainerItemProxy section */

/* Begin PBXFileReference section */
		7108D40D2CE5CDA400F6585A /* receiverHomeView1.swift */ = {isa = PBXFileReference; lastKnownFileType = sourcecode.swift; path = receiverHomeView1.swift; sourceTree = "<group>"; };
		7108D40F2CE5D2AC00F6585A /* headerView.swift */ = {isa = PBXFileReference; lastKnownFileType = sourcecode.swift; path = headerView.swift; sourceTree = "<group>"; };
		71212B682CE47B6900812C48 /* giverHomeView.swift */ = {isa = PBXFileReference; lastKnownFileType = sourcecode.swift; path = giverHomeView.swift; sourceTree = "<group>"; };
		713B76EF2CE42A30000B0990 /* menuView.swift */ = {isa = PBXFileReference; lastKnownFileType = sourcecode.swift; path = menuView.swift; sourceTree = "<group>"; };
		71AE90232CE5412500D96908 /* apiService.swift */ = {isa = PBXFileReference; lastKnownFileType = sourcecode.swift; path = apiService.swift; sourceTree = "<group>"; };
		71D256342CE5A02800D563A2 /* receiverHomeView2.swift */ = {isa = PBXFileReference; lastKnownFileType = sourcecode.swift; path = receiverHomeView2.swift; sourceTree = "<group>"; };
		71D256352CE5A02800D563A2 /* giverConfirmation.swift */ = {isa = PBXFileReference; lastKnownFileType = sourcecode.swift; path = giverConfirmation.swift; sourceTree = "<group>"; };
		71D256362CE5A02800D563A2 /* settingsView.swift */ = {isa = PBXFileReference; lastKnownFileType = sourcecode.swift; path = settingsView.swift; sourceTree = "<group>"; };
		71D256552CE5A14600D563A2 /* diningHallData.swift */ = {isa = PBXFileReference; lastKnownFileType = sourcecode.swift; path = diningHallData.swift; sourceTree = "<group>"; };
		B40646522CFEB5F100093BD6 /* receiverToGiver.swift */ = {isa = PBXFileReference; lastKnownFileType = sourcecode.swift; path = receiverToGiver.swift; sourceTree = "<group>"; };
		B430F4F92CE86890002A0EE6 /* ChatListView.swift */ = {isa = PBXFileReference; lastKnownFileType = sourcecode.swift; path = ChatListView.swift; sourceTree = "<group>"; };
		B430F4FB2CE86F81002A0EE6 /* ChatDetailView.swift */ = {isa = PBXFileReference; lastKnownFileType = sourcecode.swift; path = ChatDetailView.swift; sourceTree = "<group>"; };
		B443C8132CE11D8D006F9891 /* SwipeShare.app */ = {isa = PBXFileReference; explicitFileType = wrapper.application; includeInIndex = 0; path = SwipeShare.app; sourceTree = BUILT_PRODUCTS_DIR; };
		B443C8232CE11D8F006F9891 /* SwipeShareTests.xctest */ = {isa = PBXFileReference; explicitFileType = wrapper.cfbundle; includeInIndex = 0; path = SwipeShareTests.xctest; sourceTree = BUILT_PRODUCTS_DIR; };
		B443C82D2CE11D8F006F9891 /* SwipeShareUITests.xctest */ = {isa = PBXFileReference; explicitFileType = wrapper.cfbundle; includeInIndex = 0; path = SwipeShareUITests.xctest; sourceTree = BUILT_PRODUCTS_DIR; };
		B443C8532CE12377006F9891 /* loadingScreen.swift */ = {isa = PBXFileReference; lastKnownFileType = sourcecode.swift; path = loadingScreen.swift; sourceTree = "<group>"; };
		B443C8572CE1278A006F9891 /* startUpView.swift */ = {isa = PBXFileReference; lastKnownFileType = sourcecode.swift; path = startUpView.swift; sourceTree = "<group>"; };
		B4AA7ECB2CE98FD40070A239 /* UserProfile.swift */ = {isa = PBXFileReference; lastKnownFileType = sourcecode.swift; path = UserProfile.swift; sourceTree = "<group>"; };
		B4C47D752CE1B09500FB450F /* loginView.swift */ = {isa = PBXFileReference; lastKnownFileType = sourcecode.swift; path = loginView.swift; sourceTree = "<group>"; };
		B4C9F69E2CE578E100DBA782 /* locationManager.swift */ = {isa = PBXFileReference; lastKnownFileType = sourcecode.swift; path = locationManager.swift; sourceTree = "<group>"; };
		C8504F612CE30A5F0047A294 /* finalizeAccount2.swift */ = {isa = PBXFileReference; lastKnownFileType = sourcecode.swift; path = finalizeAccount2.swift; sourceTree = "<group>"; };
		C88A3C3E2CE25BF0000B4051 /* createAccountView.swift */ = {isa = PBXFileReference; lastKnownFileType = sourcecode.swift; path = createAccountView.swift; sourceTree = "<group>"; };
		C88A3CE42CE278EE000B4051 /* createAccountView2.swift */ = {isa = PBXFileReference; lastKnownFileType = sourcecode.swift; path = createAccountView2.swift; sourceTree = "<group>"; };
		C88A3D1D2CE29A66000B4051 /* createAccountView3.swift */ = {isa = PBXFileReference; lastKnownFileType = sourcecode.swift; path = createAccountView3.swift; sourceTree = "<group>"; };
		C88A3D202CE2ADEE000B4051 /* finalizeAccount1.swift */ = {isa = PBXFileReference; lastKnownFileType = sourcecode.swift; path = finalizeAccount1.swift; sourceTree = "<group>"; };
/* End PBXFileReference section */

/* Begin PBXFileSystemSynchronizedBuildFileExceptionSet section */
		B443C8742CE141D9006F9891 /* Exceptions for "SwipeShare" folder in "SwipeShare" target */ = {
			isa = PBXFileSystemSynchronizedBuildFileExceptionSet;
			membershipExceptions = (
				Info.plist,
			);
			target = B443C8122CE11D8D006F9891 /* SwipeShare */;
		};
/* End PBXFileSystemSynchronizedBuildFileExceptionSet section */

/* Begin PBXFileSystemSynchronizedRootGroup section */
		B443C8152CE11D8D006F9891 /* SwipeShare */ = {
			isa = PBXFileSystemSynchronizedRootGroup;
			exceptions = (
				B443C8742CE141D9006F9891 /* Exceptions for "SwipeShare" folder in "SwipeShare" target */,
			);
			path = SwipeShare;
			sourceTree = "<group>";
		};
		B443C8262CE11D8F006F9891 /* SwipeShareTests */ = {
			isa = PBXFileSystemSynchronizedRootGroup;
			path = SwipeShareTests;
			sourceTree = "<group>";
		};
		B443C8302CE11D8F006F9891 /* SwipeShareUITests */ = {
			isa = PBXFileSystemSynchronizedRootGroup;
			path = SwipeShareUITests;
			sourceTree = "<group>";
		};
/* End PBXFileSystemSynchronizedRootGroup section */

/* Begin PBXFrameworksBuildPhase section */
		B443C8102CE11D8D006F9891 /* Frameworks */ = {
			isa = PBXFrameworksBuildPhase;
			buildActionMask = 2147483647;
			files = (
				B4C9F6B32CE5994C00DBA782 /* FirebaseFirestoreCombine-Community in Frameworks */,
				B4C9F6C72CE5994C00DBA782 /* FirebaseStorageCombine-Community in Frameworks */,
				B4C9F6C32CE5994C00DBA782 /* FirebaseRemoteConfig in Frameworks */,
				B443C8712CE13FDC006F9891 /* FirebaseDatabase in Frameworks */,
				B4C9F6AB2CE5994C00DBA782 /* FirebaseAuthCombine-Community in Frameworks */,
				B443C86F2CE13FDC006F9891 /* FirebaseCore in Frameworks */,
				B4C9F6B12CE5994C00DBA782 /* FirebaseFirestore in Frameworks */,
				B4C9F6BB2CE5994C00DBA782 /* FirebaseInstallations in Frameworks */,
				B4C9F6A72CE5994C00DBA782 /* FirebaseAppCheck in Frameworks */,
				B44AFAE32CE9B09700D61523 /* FirebaseStorage in Frameworks */,
				B4C9F6C52CE5994C00DBA782 /* FirebaseStorage in Frameworks */,
				B443C86D2CE13FDC006F9891 /* FirebaseAuth in Frameworks */,
				B44AFAE12CE9B09700D61523 /* FirebaseFirestore in Frameworks */,
				B4C9F6A92CE5994C00DBA782 /* FirebaseAppDistribution-Beta in Frameworks */,
			);
			runOnlyForDeploymentPostprocessing = 0;
		};
		B443C8202CE11D8F006F9891 /* Frameworks */ = {
			isa = PBXFrameworksBuildPhase;
			buildActionMask = 2147483647;
			files = (
			);
			runOnlyForDeploymentPostprocessing = 0;
		};
		B443C82A2CE11D8F006F9891 /* Frameworks */ = {
			isa = PBXFrameworksBuildPhase;
			buildActionMask = 2147483647;
			files = (
			);
			runOnlyForDeploymentPostprocessing = 0;
		};
/* End PBXFrameworksBuildPhase section */

/* Begin PBXGroup section */
		B443C80A2CE11D8D006F9891 = {
			isa = PBXGroup;
			children = (
				B4C9F69E2CE578E100DBA782 /* locationManager.swift */,
				7108D40F2CE5D2AC00F6585A /* headerView.swift */,
				71D256552CE5A14600D563A2 /* diningHallData.swift */,
				71D256342CE5A02800D563A2 /* receiverHomeView2.swift */,
				71D256352CE5A02800D563A2 /* giverConfirmation.swift */,
				7108D40D2CE5CDA400F6585A /* receiverHomeView1.swift */,
				71D256362CE5A02800D563A2 /* settingsView.swift */,
				71AE90232CE5412500D96908 /* apiService.swift */,
				713B76EF2CE42A30000B0990 /* menuView.swift */,
				71212B682CE47B6900812C48 /* giverHomeView.swift */,
				B430F4F92CE86890002A0EE6 /* ChatListView.swift */,
				B430F4FB2CE86F81002A0EE6 /* ChatDetailView.swift */,
				B4AA7ECB2CE98FD40070A239 /* UserProfile.swift */,
				B443C8532CE12377006F9891 /* loadingScreen.swift */,
				B443C8572CE1278A006F9891 /* startUpView.swift */,
				B40646522CFEB5F100093BD6 /* receiverToGiver.swift */,
				B4C47D752CE1B09500FB450F /* loginView.swift */,
				C88A3C3E2CE25BF0000B4051 /* createAccountView.swift */,
				C88A3CE42CE278EE000B4051 /* createAccountView2.swift */,
				C88A3D1D2CE29A66000B4051 /* createAccountView3.swift */,
				C88A3D202CE2ADEE000B4051 /* finalizeAccount1.swift */,
				C8504F612CE30A5F0047A294 /* finalizeAccount2.swift */,
				B443C8152CE11D8D006F9891 /* SwipeShare */,
				B443C8262CE11D8F006F9891 /* SwipeShareTests */,
				B443C8302CE11D8F006F9891 /* SwipeShareUITests */,
				B443C8142CE11D8D006F9891 /* Products */,
			);
			sourceTree = "<group>";
		};
		B443C8142CE11D8D006F9891 /* Products */ = {
			isa = PBXGroup;
			children = (
				B443C8132CE11D8D006F9891 /* SwipeShare.app */,
				B443C8232CE11D8F006F9891 /* SwipeShareTests.xctest */,
				B443C82D2CE11D8F006F9891 /* SwipeShareUITests.xctest */,
			);
			name = Products;
			sourceTree = "<group>";
		};
/* End PBXGroup section */

/* Begin PBXNativeTarget section */
		B443C8122CE11D8D006F9891 /* SwipeShare */ = {
			isa = PBXNativeTarget;
			buildConfigurationList = B443C8372CE11D8F006F9891 /* Build configuration list for PBXNativeTarget "SwipeShare" */;
			buildPhases = (
				B443C80F2CE11D8D006F9891 /* Sources */,
				B443C8102CE11D8D006F9891 /* Frameworks */,
				B443C8112CE11D8D006F9891 /* Resources */,
			);
			buildRules = (
			);
			dependencies = (
			);
			fileSystemSynchronizedGroups = (
				B443C8152CE11D8D006F9891 /* SwipeShare */,
			);
			name = SwipeShare;
			packageProductDependencies = (
				B443C86C2CE13FDC006F9891 /* FirebaseAuth */,
				B443C86E2CE13FDC006F9891 /* FirebaseCore */,
				B443C8702CE13FDC006F9891 /* FirebaseDatabase */,
				B4C9F6A62CE5994C00DBA782 /* FirebaseAppCheck */,
				B4C9F6A82CE5994C00DBA782 /* FirebaseAppDistribution-Beta */,
				B4C9F6AA2CE5994C00DBA782 /* FirebaseAuthCombine-Community */,
				B4C9F6B02CE5994C00DBA782 /* FirebaseFirestore */,
				B4C9F6B22CE5994C00DBA782 /* FirebaseFirestoreCombine-Community */,
				B4C9F6BA2CE5994C00DBA782 /* FirebaseInstallations */,
				B4C9F6C22CE5994C00DBA782 /* FirebaseRemoteConfig */,
				B4C9F6C42CE5994C00DBA782 /* FirebaseStorage */,
				B4C9F6C62CE5994C00DBA782 /* FirebaseStorageCombine-Community */,
				B44AFAE02CE9B09700D61523 /* FirebaseFirestore */,
				B44AFAE22CE9B09700D61523 /* FirebaseStorage */,
			);
			productName = SwipeShare;
			productReference = B443C8132CE11D8D006F9891 /* SwipeShare.app */;
			productType = "com.apple.product-type.application";
		};
		B443C8222CE11D8F006F9891 /* SwipeShareTests */ = {
			isa = PBXNativeTarget;
			buildConfigurationList = B443C83A2CE11D8F006F9891 /* Build configuration list for PBXNativeTarget "SwipeShareTests" */;
			buildPhases = (
				B443C81F2CE11D8F006F9891 /* Sources */,
				B443C8202CE11D8F006F9891 /* Frameworks */,
				B443C8212CE11D8F006F9891 /* Resources */,
			);
			buildRules = (
			);
			dependencies = (
				B443C8252CE11D8F006F9891 /* PBXTargetDependency */,
			);
			fileSystemSynchronizedGroups = (
				B443C8262CE11D8F006F9891 /* SwipeShareTests */,
			);
			name = SwipeShareTests;
			packageProductDependencies = (
			);
			productName = SwipeShareTests;
			productReference = B443C8232CE11D8F006F9891 /* SwipeShareTests.xctest */;
			productType = "com.apple.product-type.bundle.unit-test";
		};
		B443C82C2CE11D8F006F9891 /* SwipeShareUITests */ = {
			isa = PBXNativeTarget;
			buildConfigurationList = B443C83D2CE11D8F006F9891 /* Build configuration list for PBXNativeTarget "SwipeShareUITests" */;
			buildPhases = (
				B443C8292CE11D8F006F9891 /* Sources */,
				B443C82A2CE11D8F006F9891 /* Frameworks */,
				B443C82B2CE11D8F006F9891 /* Resources */,
			);
			buildRules = (
			);
			dependencies = (
				B443C82F2CE11D8F006F9891 /* PBXTargetDependency */,
			);
			fileSystemSynchronizedGroups = (
				B443C8302CE11D8F006F9891 /* SwipeShareUITests */,
			);
			name = SwipeShareUITests;
			packageProductDependencies = (
			);
			productName = SwipeShareUITests;
			productReference = B443C82D2CE11D8F006F9891 /* SwipeShareUITests.xctest */;
			productType = "com.apple.product-type.bundle.ui-testing";
		};
/* End PBXNativeTarget section */

/* Begin PBXProject section */
		B443C80B2CE11D8D006F9891 /* Project object */ = {
			isa = PBXProject;
			attributes = {
				BuildIndependentTargetsInParallel = 1;
				LastSwiftUpdateCheck = 1610;
				LastUpgradeCheck = 1610;
				TargetAttributes = {
					B443C8122CE11D8D006F9891 = {
						CreatedOnToolsVersion = 16.1;
					};
					B443C8222CE11D8F006F9891 = {
						CreatedOnToolsVersion = 16.1;
						TestTargetID = B443C8122CE11D8D006F9891;
					};
					B443C82C2CE11D8F006F9891 = {
						CreatedOnToolsVersion = 16.1;
						TestTargetID = B443C8122CE11D8D006F9891;
					};
				};
			};
			buildConfigurationList = B443C80E2CE11D8D006F9891 /* Build configuration list for PBXProject "SwipeShare" */;
			developmentRegion = en;
			hasScannedForEncodings = 0;
			knownRegions = (
				en,
				Base,
			);
			mainGroup = B443C80A2CE11D8D006F9891;
			minimizedProjectReferenceProxies = 1;
			packageReferences = (
				B443C86B2CE13FDC006F9891 /* XCRemoteSwiftPackageReference "firebase-ios-sdk" */,
			);
			preferredProjectObjectVersion = 77;
			productRefGroup = B443C8142CE11D8D006F9891 /* Products */;
			projectDirPath = "";
			projectRoot = "";
			targets = (
				B443C8122CE11D8D006F9891 /* SwipeShare */,
				B443C8222CE11D8F006F9891 /* SwipeShareTests */,
				B443C82C2CE11D8F006F9891 /* SwipeShareUITests */,
			);
		};
/* End PBXProject section */

/* Begin PBXResourcesBuildPhase section */
		B443C8112CE11D8D006F9891 /* Resources */ = {
			isa = PBXResourcesBuildPhase;
			buildActionMask = 2147483647;
			files = (
			);
			runOnlyForDeploymentPostprocessing = 0;
		};
		B443C8212CE11D8F006F9891 /* Resources */ = {
			isa = PBXResourcesBuildPhase;
			buildActionMask = 2147483647;
			files = (
			);
			runOnlyForDeploymentPostprocessing = 0;
		};
		B443C82B2CE11D8F006F9891 /* Resources */ = {
			isa = PBXResourcesBuildPhase;
			buildActionMask = 2147483647;
			files = (
			);
			runOnlyForDeploymentPostprocessing = 0;
		};
/* End PBXResourcesBuildPhase section */

/* Begin PBXSourcesBuildPhase section */
		B443C80F2CE11D8D006F9891 /* Sources */ = {
			isa = PBXSourcesBuildPhase;
			buildActionMask = 2147483647;
			files = (
				B443C8542CE12377006F9891 /* loadingScreen.swift in Sources */,
				7108D4102CE5D2B200F6585A /* headerView.swift in Sources */,
				7108D40E2CE5CDAA00F6585A /* receiverHomeView1.swift in Sources */,
				71D256372CE5A02800D563A2 /* settingsView.swift in Sources */,
				71D256382CE5A02800D563A2 /* receiverHomeView2.swift in Sources */,
				71D256392CE5A02800D563A2 /* giverConfirmation.swift in Sources */,
				B4C9F69F2CE578E100DBA782 /* locationManager.swift in Sources */,
				C88A3CE52CE27900000B4051 /* createAccountView2.swift in Sources */,
				B4C47D762CE1B09500FB450F /* loginView.swift in Sources */,
				71D256562CE5A14A00D563A2 /* diningHallData.swift in Sources */,
				C8504F622CE30A680047A294 /* finalizeAccount2.swift in Sources */,
				71AE90242CE5412900D96908 /* apiService.swift in Sources */,
				B443C8582CE1278A006F9891 /* startUpView.swift in Sources */,
				B430F4FA2CE86890002A0EE6 /* ChatListView.swift in Sources */,
				713B76F02CE42A36000B0990 /* menuView.swift in Sources */,
				C88A3D1E2CE29A70000B4051 /* createAccountView3.swift in Sources */,
				C88A3C3F2CE25BF8000B4051 /* createAccountView.swift in Sources */,
				B430F4FC2CE86F81002A0EE6 /* ChatDetailView.swift in Sources */,
				B4AA7ECC2CE98FD40070A239 /* UserProfile.swift in Sources */,
				B40646532CFEB5F100093BD6 /* receiverToGiver.swift in Sources */,
				C88A3D212CE2ADF9000B4051 /* finalizeAccount1.swift in Sources */,
				71212B692CE47B6E00812C48 /* giverHomeView.swift in Sources */,
			);
			runOnlyForDeploymentPostprocessing = 0;
		};
		B443C81F2CE11D8F006F9891 /* Sources */ = {
			isa = PBXSourcesBuildPhase;
			buildActionMask = 2147483647;
			files = (
			);
			runOnlyForDeploymentPostprocessing = 0;
		};
		B443C8292CE11D8F006F9891 /* Sources */ = {
			isa = PBXSourcesBuildPhase;
			buildActionMask = 2147483647;
			files = (
			);
			runOnlyForDeploymentPostprocessing = 0;
		};
/* End PBXSourcesBuildPhase section */

/* Begin PBXTargetDependency section */
		B443C8252CE11D8F006F9891 /* PBXTargetDependency */ = {
			isa = PBXTargetDependency;
			target = B443C8122CE11D8D006F9891 /* SwipeShare */;
			targetProxy = B443C8242CE11D8F006F9891 /* PBXContainerItemProxy */;
		};
		B443C82F2CE11D8F006F9891 /* PBXTargetDependency */ = {
			isa = PBXTargetDependency;
			target = B443C8122CE11D8D006F9891 /* SwipeShare */;
			targetProxy = B443C82E2CE11D8F006F9891 /* PBXContainerItemProxy */;
		};
/* End PBXTargetDependency section */

/* Begin XCBuildConfiguration section */
		B443C8352CE11D8F006F9891 /* Debug */ = {
			isa = XCBuildConfiguration;
			buildSettings = {
				ALWAYS_SEARCH_USER_PATHS = NO;
				ASSETCATALOG_COMPILER_GENERATE_SWIFT_ASSET_SYMBOL_EXTENSIONS = YES;
				CLANG_ANALYZER_NONNULL = YES;
				CLANG_ANALYZER_NUMBER_OBJECT_CONVERSION = YES_AGGRESSIVE;
				CLANG_CXX_LANGUAGE_STANDARD = "gnu++20";
				CLANG_ENABLE_MODULES = YES;
				CLANG_ENABLE_OBJC_ARC = YES;
				CLANG_ENABLE_OBJC_WEAK = YES;
				CLANG_WARN_BLOCK_CAPTURE_AUTORELEASING = YES;
				CLANG_WARN_BOOL_CONVERSION = YES;
				CLANG_WARN_COMMA = YES;
				CLANG_WARN_CONSTANT_CONVERSION = YES;
				CLANG_WARN_DEPRECATED_OBJC_IMPLEMENTATIONS = YES;
				CLANG_WARN_DIRECT_OBJC_ISA_USAGE = YES_ERROR;
				CLANG_WARN_DOCUMENTATION_COMMENTS = YES;
				CLANG_WARN_EMPTY_BODY = YES;
				CLANG_WARN_ENUM_CONVERSION = YES;
				CLANG_WARN_INFINITE_RECURSION = YES;
				CLANG_WARN_INT_CONVERSION = YES;
				CLANG_WARN_NON_LITERAL_NULL_CONVERSION = YES;
				CLANG_WARN_OBJC_IMPLICIT_RETAIN_SELF = YES;
				CLANG_WARN_OBJC_LITERAL_CONVERSION = YES;
				CLANG_WARN_OBJC_ROOT_CLASS = YES_ERROR;
				CLANG_WARN_QUOTED_INCLUDE_IN_FRAMEWORK_HEADER = YES;
				CLANG_WARN_RANGE_LOOP_ANALYSIS = YES;
				CLANG_WARN_STRICT_PROTOTYPES = YES;
				CLANG_WARN_SUSPICIOUS_MOVE = YES;
				CLANG_WARN_UNGUARDED_AVAILABILITY = YES_AGGRESSIVE;
				CLANG_WARN_UNREACHABLE_CODE = YES;
				CLANG_WARN__DUPLICATE_METHOD_MATCH = YES;
				COPY_PHASE_STRIP = NO;
				DEBUG_INFORMATION_FORMAT = dwarf;
				ENABLE_STRICT_OBJC_MSGSEND = YES;
				ENABLE_TESTABILITY = YES;
				ENABLE_USER_SCRIPT_SANDBOXING = YES;
				GCC_C_LANGUAGE_STANDARD = gnu17;
				GCC_DYNAMIC_NO_PIC = NO;
				GCC_NO_COMMON_BLOCKS = YES;
				GCC_OPTIMIZATION_LEVEL = 0;
				GCC_PREPROCESSOR_DEFINITIONS = (
					"DEBUG=1",
					"$(inherited)",
				);
				GCC_WARN_64_TO_32_BIT_CONVERSION = YES;
				GCC_WARN_ABOUT_RETURN_TYPE = YES_ERROR;
				GCC_WARN_UNDECLARED_SELECTOR = YES;
				GCC_WARN_UNINITIALIZED_AUTOS = YES_AGGRESSIVE;
				GCC_WARN_UNUSED_FUNCTION = YES;
				GCC_WARN_UNUSED_VARIABLE = YES;
				INFOPLIST_FILE = SwipeShare/Info.plist;
				IPHONEOS_DEPLOYMENT_TARGET = 18.1;
				LOCALIZATION_PREFERS_STRING_CATALOGS = YES;
				MTL_ENABLE_DEBUG_INFO = INCLUDE_SOURCE;
				MTL_FAST_MATH = YES;
				ONLY_ACTIVE_ARCH = YES;
				SDKROOT = iphoneos;
				SWIFT_ACTIVE_COMPILATION_CONDITIONS = "DEBUG $(inherited)";
				SWIFT_OPTIMIZATION_LEVEL = "-Onone";
			};
			name = Debug;
		};
		B443C8362CE11D8F006F9891 /* Release */ = {
			isa = XCBuildConfiguration;
			buildSettings = {
				ALWAYS_SEARCH_USER_PATHS = NO;
				ASSETCATALOG_COMPILER_GENERATE_SWIFT_ASSET_SYMBOL_EXTENSIONS = YES;
				CLANG_ANALYZER_NONNULL = YES;
				CLANG_ANALYZER_NUMBER_OBJECT_CONVERSION = YES_AGGRESSIVE;
				CLANG_CXX_LANGUAGE_STANDARD = "gnu++20";
				CLANG_ENABLE_MODULES = YES;
				CLANG_ENABLE_OBJC_ARC = YES;
				CLANG_ENABLE_OBJC_WEAK = YES;
				CLANG_WARN_BLOCK_CAPTURE_AUTORELEASING = YES;
				CLANG_WARN_BOOL_CONVERSION = YES;
				CLANG_WARN_COMMA = YES;
				CLANG_WARN_CONSTANT_CONVERSION = YES;
				CLANG_WARN_DEPRECATED_OBJC_IMPLEMENTATIONS = YES;
				CLANG_WARN_DIRECT_OBJC_ISA_USAGE = YES_ERROR;
				CLANG_WARN_DOCUMENTATION_COMMENTS = YES;
				CLANG_WARN_EMPTY_BODY = YES;
				CLANG_WARN_ENUM_CONVERSION = YES;
				CLANG_WARN_INFINITE_RECURSION = YES;
				CLANG_WARN_INT_CONVERSION = YES;
				CLANG_WARN_NON_LITERAL_NULL_CONVERSION = YES;
				CLANG_WARN_OBJC_IMPLICIT_RETAIN_SELF = YES;
				CLANG_WARN_OBJC_LITERAL_CONVERSION = YES;
				CLANG_WARN_OBJC_ROOT_CLASS = YES_ERROR;
				CLANG_WARN_QUOTED_INCLUDE_IN_FRAMEWORK_HEADER = YES;
				CLANG_WARN_RANGE_LOOP_ANALYSIS = YES;
				CLANG_WARN_STRICT_PROTOTYPES = YES;
				CLANG_WARN_SUSPICIOUS_MOVE = YES;
				CLANG_WARN_UNGUARDED_AVAILABILITY = YES_AGGRESSIVE;
				CLANG_WARN_UNREACHABLE_CODE = YES;
				CLANG_WARN__DUPLICATE_METHOD_MATCH = YES;
				COPY_PHASE_STRIP = NO;
				DEBUG_INFORMATION_FORMAT = "dwarf-with-dsym";
				ENABLE_NS_ASSERTIONS = NO;
				ENABLE_STRICT_OBJC_MSGSEND = YES;
				ENABLE_USER_SCRIPT_SANDBOXING = YES;
				GCC_C_LANGUAGE_STANDARD = gnu17;
				GCC_NO_COMMON_BLOCKS = YES;
				GCC_WARN_64_TO_32_BIT_CONVERSION = YES;
				GCC_WARN_ABOUT_RETURN_TYPE = YES_ERROR;
				GCC_WARN_UNDECLARED_SELECTOR = YES;
				GCC_WARN_UNINITIALIZED_AUTOS = YES_AGGRESSIVE;
				GCC_WARN_UNUSED_FUNCTION = YES;
				GCC_WARN_UNUSED_VARIABLE = YES;
				INFOPLIST_FILE = SwipeShare/Info.plist;
				IPHONEOS_DEPLOYMENT_TARGET = 18.1;
				LOCALIZATION_PREFERS_STRING_CATALOGS = YES;
				MTL_ENABLE_DEBUG_INFO = NO;
				MTL_FAST_MATH = YES;
				SDKROOT = iphoneos;
				SWIFT_COMPILATION_MODE = wholemodule;
				VALIDATE_PRODUCT = YES;
			};
			name = Release;
		};
		B443C8382CE11D8F006F9891 /* Debug */ = {
			isa = XCBuildConfiguration;
			buildSettings = {
				ASSETCATALOG_COMPILER_APPICON_NAME = AppIcon;
				ASSETCATALOG_COMPILER_GLOBAL_ACCENT_COLOR_NAME = AccentColor;
				CODE_SIGN_STYLE = Automatic;
				CURRENT_PROJECT_VERSION = 1;
				DEVELOPMENT_ASSET_PATHS = "\"SwipeShare/Preview Content\"";
				DEVELOPMENT_TEAM = A4RFKA6UQ7;
				ENABLE_PREVIEWS = YES;
				GENERATE_INFOPLIST_FILE = YES;
				INFOPLIST_KEY_LSApplicationCategoryType = "";
				INFOPLIST_KEY_NSLocationAlwaysAndWhenInUseUsageDescription = "";
				INFOPLIST_KEY_UIApplicationSupportsIndirectInputEvents = YES;
				INFOPLIST_KEY_UILaunchScreen_Generation = YES;
				INFOPLIST_KEY_UISupportedInterfaceOrientations_iPad = "UIInterfaceOrientationPortrait UIInterfaceOrientationPortraitUpsideDown UIInterfaceOrientationLandscapeLeft UIInterfaceOrientationLandscapeRight";
				INFOPLIST_KEY_UISupportedInterfaceOrientations_iPhone = "UIInterfaceOrientationPortrait UIInterfaceOrientationLandscapeLeft UIInterfaceOrientationLandscapeRight";
				IPHONEOS_DEPLOYMENT_TARGET = 18.0;
				LD_RUNPATH_SEARCH_PATHS = (
					"$(inherited)",
					"@executable_path/Frameworks",
				);
				MARKETING_VERSION = 1.0;
				PRODUCT_BUNDLE_IDENTIFIER = COMSW4995.SwipeShare;
				PRODUCT_NAME = "$(TARGET_NAME)";
				SWIFT_EMIT_LOC_STRINGS = YES;
				SWIFT_VERSION = 5.0;
				TARGETED_DEVICE_FAMILY = "1,2";
			};
			name = Debug;
		};
		B443C8392CE11D8F006F9891 /* Release */ = {
			isa = XCBuildConfiguration;
			buildSettings = {
				ASSETCATALOG_COMPILER_APPICON_NAME = AppIcon;
				ASSETCATALOG_COMPILER_GLOBAL_ACCENT_COLOR_NAME = AccentColor;
				CODE_SIGN_STYLE = Automatic;
				CURRENT_PROJECT_VERSION = 1;
				DEVELOPMENT_ASSET_PATHS = "\"SwipeShare/Preview Content\"";
				DEVELOPMENT_TEAM = A4RFKA6UQ7;
				ENABLE_PREVIEWS = YES;
				GENERATE_INFOPLIST_FILE = YES;
				INFOPLIST_KEY_LSApplicationCategoryType = "";
				INFOPLIST_KEY_NSLocationAlwaysAndWhenInUseUsageDescription = "";
				INFOPLIST_KEY_UIApplicationSupportsIndirectInputEvents = YES;
				INFOPLIST_KEY_UILaunchScreen_Generation = YES;
				INFOPLIST_KEY_UISupportedInterfaceOrientations_iPad = "UIInterfaceOrientationPortrait UIInterfaceOrientationPortraitUpsideDown UIInterfaceOrientationLandscapeLeft UIInterfaceOrientationLandscapeRight";
				INFOPLIST_KEY_UISupportedInterfaceOrientations_iPhone = "UIInterfaceOrientationPortrait UIInterfaceOrientationLandscapeLeft UIInterfaceOrientationLandscapeRight";
				IPHONEOS_DEPLOYMENT_TARGET = 18.0;
				LD_RUNPATH_SEARCH_PATHS = (
					"$(inherited)",
					"@executable_path/Frameworks",
				);
				MARKETING_VERSION = 1.0;
				PRODUCT_BUNDLE_IDENTIFIER = COMSW4995.SwipeShare;
				PRODUCT_NAME = "$(TARGET_NAME)";
				SWIFT_EMIT_LOC_STRINGS = YES;
				SWIFT_VERSION = 5.0;
				TARGETED_DEVICE_FAMILY = "1,2";
			};
			name = Release;
		};
		B443C83B2CE11D8F006F9891 /* Debug */ = {
			isa = XCBuildConfiguration;
			buildSettings = {
				BUNDLE_LOADER = "$(TEST_HOST)";
				CODE_SIGN_STYLE = Automatic;
				CURRENT_PROJECT_VERSION = 1;
				GENERATE_INFOPLIST_FILE = YES;
				IPHONEOS_DEPLOYMENT_TARGET = 18.1;
				MARKETING_VERSION = 1.0;
				PRODUCT_BUNDLE_IDENTIFIER = COMSW4995.SwipeShareTests;
				PRODUCT_NAME = "$(TARGET_NAME)";
				SWIFT_EMIT_LOC_STRINGS = NO;
				SWIFT_VERSION = 5.0;
				TARGETED_DEVICE_FAMILY = "1,2";
				TEST_HOST = "$(BUILT_PRODUCTS_DIR)/SwipeShare.app/$(BUNDLE_EXECUTABLE_FOLDER_PATH)/SwipeShare";
			};
			name = Debug;
		};
		B443C83C2CE11D8F006F9891 /* Release */ = {
			isa = XCBuildConfiguration;
			buildSettings = {
				BUNDLE_LOADER = "$(TEST_HOST)";
				CODE_SIGN_STYLE = Automatic;
				CURRENT_PROJECT_VERSION = 1;
				GENERATE_INFOPLIST_FILE = YES;
				IPHONEOS_DEPLOYMENT_TARGET = 18.1;
				MARKETING_VERSION = 1.0;
				PRODUCT_BUNDLE_IDENTIFIER = COMSW4995.SwipeShareTests;
				PRODUCT_NAME = "$(TARGET_NAME)";
				SWIFT_EMIT_LOC_STRINGS = NO;
				SWIFT_VERSION = 5.0;
				TARGETED_DEVICE_FAMILY = "1,2";
				TEST_HOST = "$(BUILT_PRODUCTS_DIR)/SwipeShare.app/$(BUNDLE_EXECUTABLE_FOLDER_PATH)/SwipeShare";
			};
			name = Release;
		};
		B443C83E2CE11D8F006F9891 /* Debug */ = {
			isa = XCBuildConfiguration;
			buildSettings = {
				CODE_SIGN_STYLE = Automatic;
				CURRENT_PROJECT_VERSION = 1;
				GENERATE_INFOPLIST_FILE = YES;
				MARKETING_VERSION = 1.0;
				PRODUCT_BUNDLE_IDENTIFIER = COMSW4995.SwipeShareUITests;
				PRODUCT_NAME = "$(TARGET_NAME)";
				SWIFT_EMIT_LOC_STRINGS = NO;
				SWIFT_VERSION = 5.0;
				TARGETED_DEVICE_FAMILY = "1,2";
				TEST_TARGET_NAME = SwipeShare;
			};
			name = Debug;
		};
		B443C83F2CE11D8F006F9891 /* Release */ = {
			isa = XCBuildConfiguration;
			buildSettings = {
				CODE_SIGN_STYLE = Automatic;
				CURRENT_PROJECT_VERSION = 1;
				GENERATE_INFOPLIST_FILE = YES;
				MARKETING_VERSION = 1.0;
				PRODUCT_BUNDLE_IDENTIFIER = COMSW4995.SwipeShareUITests;
				PRODUCT_NAME = "$(TARGET_NAME)";
				SWIFT_EMIT_LOC_STRINGS = NO;
				SWIFT_VERSION = 5.0;
				TARGETED_DEVICE_FAMILY = "1,2";
				TEST_TARGET_NAME = SwipeShare;
			};
			name = Release;
		};
/* End XCBuildConfiguration section */

/* Begin XCConfigurationList section */
		B443C80E2CE11D8D006F9891 /* Build configuration list for PBXProject "SwipeShare" */ = {
			isa = XCConfigurationList;
			buildConfigurations = (
				B443C8352CE11D8F006F9891 /* Debug */,
				B443C8362CE11D8F006F9891 /* Release */,
			);
			defaultConfigurationIsVisible = 0;
			defaultConfigurationName = Release;
		};
		B443C8372CE11D8F006F9891 /* Build configuration list for PBXNativeTarget "SwipeShare" */ = {
			isa = XCConfigurationList;
			buildConfigurations = (
				B443C8382CE11D8F006F9891 /* Debug */,
				B443C8392CE11D8F006F9891 /* Release */,
			);
			defaultConfigurationIsVisible = 0;
			defaultConfigurationName = Release;
		};
		B443C83A2CE11D8F006F9891 /* Build configuration list for PBXNativeTarget "SwipeShareTests" */ = {
			isa = XCConfigurationList;
			buildConfigurations = (
				B443C83B2CE11D8F006F9891 /* Debug */,
				B443C83C2CE11D8F006F9891 /* Release */,
			);
			defaultConfigurationIsVisible = 0;
			defaultConfigurationName = Release;
		};
		B443C83D2CE11D8F006F9891 /* Build configuration list for PBXNativeTarget "SwipeShareUITests" */ = {
			isa = XCConfigurationList;
			buildConfigurations = (
				B443C83E2CE11D8F006F9891 /* Debug */,
				B443C83F2CE11D8F006F9891 /* Release */,
			);
			defaultConfigurationIsVisible = 0;
			defaultConfigurationName = Release;
		};
/* End XCConfigurationList section */

/* Begin XCRemoteSwiftPackageReference section */
		B443C86B2CE13FDC006F9891 /* XCRemoteSwiftPackageReference "firebase-ios-sdk" */ = {
			isa = XCRemoteSwiftPackageReference;
			repositoryURL = "https://github.com/firebase/firebase-ios-sdk";
			requirement = {
				kind = upToNextMajorVersion;
				minimumVersion = 11.4.0;
			};
		};
/* End XCRemoteSwiftPackageReference section */

/* Begin XCSwiftPackageProductDependency section */
		B443C86C2CE13FDC006F9891 /* FirebaseAuth */ = {
			isa = XCSwiftPackageProductDependency;
			package = B443C86B2CE13FDC006F9891 /* XCRemoteSwiftPackageReference "firebase-ios-sdk" */;
			productName = FirebaseAuth;
		};
		B443C86E2CE13FDC006F9891 /* FirebaseCore */ = {
			isa = XCSwiftPackageProductDependency;
			package = B443C86B2CE13FDC006F9891 /* XCRemoteSwiftPackageReference "firebase-ios-sdk" */;
			productName = FirebaseCore;
		};
		B443C8702CE13FDC006F9891 /* FirebaseDatabase */ = {
			isa = XCSwiftPackageProductDependency;
			package = B443C86B2CE13FDC006F9891 /* XCRemoteSwiftPackageReference "firebase-ios-sdk" */;
			productName = FirebaseDatabase;
		};
		B44AFAE02CE9B09700D61523 /* FirebaseFirestore */ = {
			isa = XCSwiftPackageProductDependency;
			productName = FirebaseFirestore;
		};
		B44AFAE22CE9B09700D61523 /* FirebaseStorage */ = {
			isa = XCSwiftPackageProductDependency;
			productName = FirebaseStorage;
		};
		B4C9F6A62CE5994C00DBA782 /* FirebaseAppCheck */ = {
			isa = XCSwiftPackageProductDependency;
			productName = FirebaseAppCheck;
		};
		B4C9F6A82CE5994C00DBA782 /* FirebaseAppDistribution-Beta */ = {
			isa = XCSwiftPackageProductDependency;
			productName = "FirebaseAppDistribution-Beta";
		};
		B4C9F6AA2CE5994C00DBA782 /* FirebaseAuthCombine-Community */ = {
			isa = XCSwiftPackageProductDependency;
			productName = "FirebaseAuthCombine-Community";
		};
		B4C9F6B02CE5994C00DBA782 /* FirebaseFirestore */ = {
			isa = XCSwiftPackageProductDependency;
			productName = FirebaseFirestore;
		};
		B4C9F6B22CE5994C00DBA782 /* FirebaseFirestoreCombine-Community */ = {
			isa = XCSwiftPackageProductDependency;
			productName = "FirebaseFirestoreCombine-Community";
		};
		B4C9F6BA2CE5994C00DBA782 /* FirebaseInstallations */ = {
			isa = XCSwiftPackageProductDependency;
			productName = FirebaseInstallations;
		};
		B4C9F6C22CE5994C00DBA782 /* FirebaseRemoteConfig */ = {
			isa = XCSwiftPackageProductDependency;
			productName = FirebaseRemoteConfig;
		};
		B4C9F6C42CE5994C00DBA782 /* FirebaseStorage */ = {
			isa = XCSwiftPackageProductDependency;
			productName = FirebaseStorage;
		};
		B4C9F6C62CE5994C00DBA782 /* FirebaseStorageCombine-Community */ = {
			isa = XCSwiftPackageProductDependency;
			productName = "FirebaseStorageCombine-Community";
		};
/* End XCSwiftPackageProductDependency section */
	};
	rootObject = B443C80B2CE11D8D006F9891 /* Project object */;
}
